// !$*UTF8*$!
{
	archiveVersion = 1;
	classes = {
	};
	objectVersion = 55;
	objects = {

/* Begin PBXBuildFile section */
		77568D7C28DB1DAE00D0F6E5 /* NetworkManager.swift in Sources */ = {isa = PBXBuildFile; fileRef = 77568D7B28DB1DAE00D0F6E5 /* NetworkManager.swift */; };
		77568D8028DB29A100D0F6E5 /* SongsAPIClient.swift in Sources */ = {isa = PBXBuildFile; fileRef = 77568D7F28DB29A100D0F6E5 /* SongsAPIClient.swift */; };
		77568D8228DB2A5900D0F6E5 /* AppNavigationController.swift in Sources */ = {isa = PBXBuildFile; fileRef = 77568D8128DB2A5900D0F6E5 /* AppNavigationController.swift */; };
		77568D8428DB417700D0F6E5 /* SongsListView.swift in Sources */ = {isa = PBXBuildFile; fileRef = 77568D8328DB417700D0F6E5 /* SongsListView.swift */; };
		77568D8628DB430D00D0F6E5 /* SongListCell.swift in Sources */ = {isa = PBXBuildFile; fileRef = 77568D8528DB430D00D0F6E5 /* SongListCell.swift */; };
		77568D8828DB56FC00D0F6E5 /* Abel-Regular.ttf in Resources */ = {isa = PBXBuildFile; fileRef = 77568D7E28DB217F00D0F6E5 /* Abel-Regular.ttf */; };
		77568D8B28DB86AC00D0F6E5 /* AppTabBarController.swift in Sources */ = {isa = PBXBuildFile; fileRef = 77568D8A28DB86AC00D0F6E5 /* AppTabBarController.swift */; };
		776A37B128E44056005DAF1C /* ArtistModel.swift in Sources */ = {isa = PBXBuildFile; fileRef = 776A37B028E44056005DAF1C /* ArtistModel.swift */; };
		776A37B328E44513005DAF1C /* ArtistAPIClient.swift in Sources */ = {isa = PBXBuildFile; fileRef = 776A37B228E44513005DAF1C /* ArtistAPIClient.swift */; };
		776A37B528E44763005DAF1C /* SongsModel.swift in Sources */ = {isa = PBXBuildFile; fileRef = 776A37B428E44763005DAF1C /* SongsModel.swift */; };
		776A37B728E455C3005DAF1C /* AlbomAPIClient.swift in Sources */ = {isa = PBXBuildFile; fileRef = 776A37B628E455C3005DAF1C /* AlbomAPIClient.swift */; };
		776A37B928E45636005DAF1C /* AlbomModel.swift in Sources */ = {isa = PBXBuildFile; fileRef = 776A37B828E45636005DAF1C /* AlbomModel.swift */; };
		776A37BB28E45B04005DAF1C /* SongListVM.swift in Sources */ = {isa = PBXBuildFile; fileRef = 776A37BA28E45B04005DAF1C /* SongListVM.swift */; };
		776A37BD28E45DE3005DAF1C /* AppCoordinator.swift in Sources */ = {isa = PBXBuildFile; fileRef = 776A37BC28E45DE3005DAF1C /* AppCoordinator.swift */; };
		776A37BF28E474BB005DAF1C /* Coordinator.swift in Sources */ = {isa = PBXBuildFile; fileRef = 776A37BE28E474BB005DAF1C /* Coordinator.swift */; };
		776A37C128E47A59005DAF1C /* FavoriteCoordinator.swift in Sources */ = {isa = PBXBuildFile; fileRef = 776A37C028E47A59005DAF1C /* FavoriteCoordinator.swift */; };
		776A37C328E47BE7005DAF1C /* SongsMenuCoordinator.swift in Sources */ = {isa = PBXBuildFile; fileRef = 776A37C228E47BE7005DAF1C /* SongsMenuCoordinator.swift */; };
		776A37C528E47D95005DAF1C /* SongSearchCoordinator.swift in Sources */ = {isa = PBXBuildFile; fileRef = 776A37C428E47D95005DAF1C /* SongSearchCoordinator.swift */; };
		776A37C728E4824A005DAF1C /* SongsListViewController.swift in Sources */ = {isa = PBXBuildFile; fileRef = 776A37C628E4824A005DAF1C /* SongsListViewController.swift */; };
		776A37CA28E5E7CF005DAF1C /* SongListItemViewModel.swift in Sources */ = {isa = PBXBuildFile; fileRef = 776A37C928E5E7CE005DAF1C /* SongListItemViewModel.swift */; };
		776A37CD28E60482005DAF1C /* ExtensionUIImageViewLoadView.swift in Sources */ = {isa = PBXBuildFile; fileRef = 776A37CC28E60482005DAF1C /* ExtensionUIImageViewLoadView.swift */; };
		776A37CF28E621F5005DAF1C /* SongsCollectionReusableView.swift in Sources */ = {isa = PBXBuildFile; fileRef = 776A37CE28E621F5005DAF1C /* SongsCollectionReusableView.swift */; };
		776A37D128E62248005DAF1C /* SongCollectionViewCell.swift in Sources */ = {isa = PBXBuildFile; fileRef = 776A37D028E62248005DAF1C /* SongCollectionViewCell.swift */; };
		E72C62A328E5E614003033F4 /* SongsMainViewController.swift in Sources */ = {isa = PBXBuildFile; fileRef = E72C62A228E5E614003033F4 /* SongsMainViewController.swift */; };
		E72C62A728E5F84A003033F4 /* SongsCollectionGenres.swift in Sources */ = {isa = PBXBuildFile; fileRef = E72C62A628E5F84A003033F4 /* SongsCollectionGenres.swift */; };
		E774AE0028E765FE00E7F9C7 /* SongsCollectionVM.swift in Sources */ = {isa = PBXBuildFile; fileRef = E774ADFF28E765FE00E7F9C7 /* SongsCollectionVM.swift */; };
		E7796EE728D92F0400D78A14 /* AppDelegate.swift in Sources */ = {isa = PBXBuildFile; fileRef = E7796EE628D92F0400D78A14 /* AppDelegate.swift */; };
		E7796EE928D92F0400D78A14 /* SceneDelegate.swift in Sources */ = {isa = PBXBuildFile; fileRef = E7796EE828D92F0400D78A14 /* SceneDelegate.swift */; };
		E7796EF028D92F0500D78A14 /* Assets.xcassets in Resources */ = {isa = PBXBuildFile; fileRef = E7796EEF28D92F0500D78A14 /* Assets.xcassets */; };
		E7796EF328D92F0500D78A14 /* LaunchScreen.storyboard in Resources */ = {isa = PBXBuildFile; fileRef = E7796EF128D92F0500D78A14 /* LaunchScreen.storyboard */; };
/* End PBXBuildFile section */

/* Begin PBXFileReference section */
		77568D7B28DB1DAE00D0F6E5 /* NetworkManager.swift */ = {isa = PBXFileReference; lastKnownFileType = sourcecode.swift; path = NetworkManager.swift; sourceTree = "<group>"; };
		77568D7E28DB217F00D0F6E5 /* Abel-Regular.ttf */ = {isa = PBXFileReference; lastKnownFileType = file; path = "Abel-Regular.ttf"; sourceTree = "<group>"; };
		77568D7F28DB29A100D0F6E5 /* SongsAPIClient.swift */ = {isa = PBXFileReference; lastKnownFileType = sourcecode.swift; path = SongsAPIClient.swift; sourceTree = "<group>"; };
		77568D8128DB2A5900D0F6E5 /* AppNavigationController.swift */ = {isa = PBXFileReference; fileEncoding = 4; lastKnownFileType = sourcecode.swift; path = AppNavigationController.swift; sourceTree = "<group>"; };
		77568D8328DB417700D0F6E5 /* SongsListView.swift */ = {isa = PBXFileReference; lastKnownFileType = sourcecode.swift; path = SongsListView.swift; sourceTree = "<group>"; };
		77568D8528DB430D00D0F6E5 /* SongListCell.swift */ = {isa = PBXFileReference; lastKnownFileType = sourcecode.swift; path = SongListCell.swift; sourceTree = "<group>"; };
		77568D8A28DB86AC00D0F6E5 /* AppTabBarController.swift */ = {isa = PBXFileReference; lastKnownFileType = sourcecode.swift; path = AppTabBarController.swift; sourceTree = "<group>"; };
		776A37B028E44056005DAF1C /* ArtistModel.swift */ = {isa = PBXFileReference; lastKnownFileType = sourcecode.swift; path = ArtistModel.swift; sourceTree = "<group>"; };
		776A37B228E44513005DAF1C /* ArtistAPIClient.swift */ = {isa = PBXFileReference; lastKnownFileType = sourcecode.swift; path = ArtistAPIClient.swift; sourceTree = "<group>"; };
		776A37B428E44763005DAF1C /* SongsModel.swift */ = {isa = PBXFileReference; lastKnownFileType = sourcecode.swift; path = SongsModel.swift; sourceTree = "<group>"; };
		776A37B628E455C3005DAF1C /* AlbomAPIClient.swift */ = {isa = PBXFileReference; lastKnownFileType = sourcecode.swift; path = AlbomAPIClient.swift; sourceTree = "<group>"; };
		776A37B828E45636005DAF1C /* AlbomModel.swift */ = {isa = PBXFileReference; lastKnownFileType = sourcecode.swift; path = AlbomModel.swift; sourceTree = "<group>"; };
		776A37BA28E45B04005DAF1C /* SongListVM.swift */ = {isa = PBXFileReference; lastKnownFileType = sourcecode.swift; path = SongListVM.swift; sourceTree = "<group>"; };
		776A37BC28E45DE3005DAF1C /* AppCoordinator.swift */ = {isa = PBXFileReference; lastKnownFileType = sourcecode.swift; path = AppCoordinator.swift; sourceTree = "<group>"; };
		776A37BE28E474BB005DAF1C /* Coordinator.swift */ = {isa = PBXFileReference; lastKnownFileType = sourcecode.swift; path = Coordinator.swift; sourceTree = "<group>"; };
		776A37C028E47A59005DAF1C /* FavoriteCoordinator.swift */ = {isa = PBXFileReference; lastKnownFileType = sourcecode.swift; path = FavoriteCoordinator.swift; sourceTree = "<group>"; };
		776A37C228E47BE7005DAF1C /* SongsMenuCoordinator.swift */ = {isa = PBXFileReference; lastKnownFileType = sourcecode.swift; path = SongsMenuCoordinator.swift; sourceTree = "<group>"; };
		776A37C428E47D95005DAF1C /* SongSearchCoordinator.swift */ = {isa = PBXFileReference; lastKnownFileType = sourcecode.swift; path = SongSearchCoordinator.swift; sourceTree = "<group>"; };
		776A37C628E4824A005DAF1C /* SongsListViewController.swift */ = {isa = PBXFileReference; fileEncoding = 4; lastKnownFileType = sourcecode.swift; path = SongsListViewController.swift; sourceTree = "<group>"; };
		776A37C928E5E7CE005DAF1C /* SongListItemViewModel.swift */ = {isa = PBXFileReference; lastKnownFileType = sourcecode.swift; path = SongListItemViewModel.swift; sourceTree = "<group>"; };
		776A37CC28E60482005DAF1C /* ExtensionUIImageViewLoadView.swift */ = {isa = PBXFileReference; lastKnownFileType = sourcecode.swift; path = ExtensionUIImageViewLoadView.swift; sourceTree = "<group>"; };
		776A37CE28E621F5005DAF1C /* SongsCollectionReusableView.swift */ = {isa = PBXFileReference; fileEncoding = 4; lastKnownFileType = sourcecode.swift; path = SongsCollectionReusableView.swift; sourceTree = "<group>"; };
		776A37D028E62248005DAF1C /* SongCollectionViewCell.swift */ = {isa = PBXFileReference; fileEncoding = 4; lastKnownFileType = sourcecode.swift; path = SongCollectionViewCell.swift; sourceTree = "<group>"; };
		E72C62A228E5E614003033F4 /* SongsMainViewController.swift */ = {isa = PBXFileReference; lastKnownFileType = sourcecode.swift; path = SongsMainViewController.swift; sourceTree = "<group>"; };
		E72C62A628E5F84A003033F4 /* SongsCollectionGenres.swift */ = {isa = PBXFileReference; lastKnownFileType = sourcecode.swift; path = SongsCollectionGenres.swift; sourceTree = "<group>"; };
		E75F069F28D92FB1006404D6 /* .gitignore */ = {isa = PBXFileReference; lastKnownFileType = text; path = .gitignore; sourceTree = "<group>"; };
		E75F06A028D93006006404D6 /* README.md */ = {isa = PBXFileReference; lastKnownFileType = net.daringfireball.markdown; path = README.md; sourceTree = "<group>"; };
		E774ADFF28E765FE00E7F9C7 /* SongsCollectionVM.swift */ = {isa = PBXFileReference; lastKnownFileType = sourcecode.swift; path = SongsCollectionVM.swift; sourceTree = "<group>"; };
		E7796EE328D92F0400D78A14 /* Jacamole.app */ = {isa = PBXFileReference; explicitFileType = wrapper.application; includeInIndex = 0; path = Jacamole.app; sourceTree = BUILT_PRODUCTS_DIR; };
		E7796EE628D92F0400D78A14 /* AppDelegate.swift */ = {isa = PBXFileReference; lastKnownFileType = sourcecode.swift; path = AppDelegate.swift; sourceTree = "<group>"; };
		E7796EE828D92F0400D78A14 /* SceneDelegate.swift */ = {isa = PBXFileReference; lastKnownFileType = sourcecode.swift; path = SceneDelegate.swift; sourceTree = "<group>"; };
		E7796EEF28D92F0500D78A14 /* Assets.xcassets */ = {isa = PBXFileReference; lastKnownFileType = folder.assetcatalog; path = Assets.xcassets; sourceTree = "<group>"; };
		E7796EF228D92F0500D78A14 /* Base */ = {isa = PBXFileReference; lastKnownFileType = file.storyboard; name = Base; path = Base.lproj/LaunchScreen.storyboard; sourceTree = "<group>"; };
		E7796EF428D92F0500D78A14 /* Info.plist */ = {isa = PBXFileReference; lastKnownFileType = text.plist.xml; path = Info.plist; sourceTree = "<group>"; };
/* End PBXFileReference section */

/* Begin PBXFrameworksBuildPhase section */
		E7796EE028D92F0400D78A14 /* Frameworks */ = {
			isa = PBXFrameworksBuildPhase;
			buildActionMask = 2147483647;
			files = (
			);
			runOnlyForDeploymentPostprocessing = 0;
		};
/* End PBXFrameworksBuildPhase section */

/* Begin PBXGroup section */
		77568D7A28DB1D8600D0F6E5 /* API */ = {
			isa = PBXGroup;
			children = (
				77568D7B28DB1DAE00D0F6E5 /* NetworkManager.swift */,
				77568D7F28DB29A100D0F6E5 /* SongsAPIClient.swift */,
				776A37B428E44763005DAF1C /* SongsModel.swift */,
				776A37B228E44513005DAF1C /* ArtistAPIClient.swift */,
				776A37B028E44056005DAF1C /* ArtistModel.swift */,
				776A37B628E455C3005DAF1C /* AlbomAPIClient.swift */,
				776A37B828E45636005DAF1C /* AlbomModel.swift */,
				776A37CC28E60482005DAF1C /* ExtensionUIImageViewLoadView.swift */,
			);
			path = API;
			sourceTree = "<group>";
		};
		77568D7D28DB213B00D0F6E5 /* Resourсes */ = {
			isa = PBXGroup;
			children = (
				E7796EEF28D92F0500D78A14 /* Assets.xcassets */,
				77568D7E28DB217F00D0F6E5 /* Abel-Regular.ttf */,
			);
			path = "Resourсes";
			sourceTree = "<group>";
		};
		77568D8728DB47DE00D0F6E5 /* SongsList */ = {
			isa = PBXGroup;
			children = (
				776A37CB28E5E8A0005DAF1C /* SongsListCell */,
				776A37C628E4824A005DAF1C /* SongsListViewController.swift */,
				77568D8328DB417700D0F6E5 /* SongsListView.swift */,
				776A37BA28E45B04005DAF1C /* SongListVM.swift */,
			);
			path = SongsList;
			sourceTree = "<group>";
		};
		776A37CB28E5E8A0005DAF1C /* SongsListCell */ = {
			isa = PBXGroup;
			children = (
				77568D8528DB430D00D0F6E5 /* SongListCell.swift */,
				776A37C928E5E7CE005DAF1C /* SongListItemViewModel.swift */,
			);
			path = SongsListCell;
			sourceTree = "<group>";
		};
		777F302B28E33CF1004B5A5E /* Coordinators */ = {
			isa = PBXGroup;
			children = (
				776A37BE28E474BB005DAF1C /* Coordinator.swift */,
				776A37BC28E45DE3005DAF1C /* AppCoordinator.swift */,
				776A37C028E47A59005DAF1C /* FavoriteCoordinator.swift */,
				776A37C228E47BE7005DAF1C /* SongsMenuCoordinator.swift */,
				776A37C428E47D95005DAF1C /* SongSearchCoordinator.swift */,
			);
			path = Coordinators;
			sourceTree = "<group>";
		};
		E774ADFE28E763B300E7F9C7 /* SongsCollection */ = {
			isa = PBXGroup;
			children = (
				776A37D028E62248005DAF1C /* SongCollectionViewCell.swift */,
				E72C62A228E5E614003033F4 /* SongsMainViewController.swift */,
				776A37CE28E621F5005DAF1C /* SongsCollectionReusableView.swift */,
				E72C62A628E5F84A003033F4 /* SongsCollectionGenres.swift */,
				E774ADFF28E765FE00E7F9C7 /* SongsCollectionVM.swift */,
			);
			path = SongsCollection;
			sourceTree = "<group>";
		};
		E7796EDA28D92F0300D78A14 = {
			isa = PBXGroup;
			children = (
				E75F06A028D93006006404D6 /* README.md */,
				E75F069F28D92FB1006404D6 /* .gitignore */,
				E7796EE528D92F0400D78A14 /* Jacamole */,
				E7796EE428D92F0400D78A14 /* Products */,
			);
			sourceTree = "<group>";
		};
		E7796EE428D92F0400D78A14 /* Products */ = {
			isa = PBXGroup;
			children = (
				E7796EE328D92F0400D78A14 /* Jacamole.app */,
			);
			name = Products;
			sourceTree = "<group>";
		};
		E7796EE528D92F0400D78A14 /* Jacamole */ = {
			isa = PBXGroup;
			children = (
				E7796EE628D92F0400D78A14 /* AppDelegate.swift */,
				E7796EE828D92F0400D78A14 /* SceneDelegate.swift */,
				77568D8128DB2A5900D0F6E5 /* AppNavigationController.swift */,
				77568D8A28DB86AC00D0F6E5 /* AppTabBarController.swift */,
				77568D7A28DB1D8600D0F6E5 /* API */,
				777F302B28E33CF1004B5A5E /* Coordinators */,
				E7796EF128D92F0500D78A14 /* LaunchScreen.storyboard */,
				E7796EF428D92F0500D78A14 /* Info.plist */,
				E774ADFE28E763B300E7F9C7 /* SongsCollection */,
				77568D8728DB47DE00D0F6E5 /* SongsList */,
				77568D7D28DB213B00D0F6E5 /* Resourсes */,
			);
			path = Jacamole;
			sourceTree = "<group>";
		};
/* End PBXGroup section */

/* Begin PBXNativeTarget section */
		E7796EE228D92F0400D78A14 /* Jacamole */ = {
			isa = PBXNativeTarget;
			buildConfigurationList = E7796EF728D92F0500D78A14 /* Build configuration list for PBXNativeTarget "Jacamole" */;
			buildPhases = (
				E7796EDF28D92F0400D78A14 /* Sources */,
				E7796EE028D92F0400D78A14 /* Frameworks */,
				E7796EE128D92F0400D78A14 /* Resources */,
			);
			buildRules = (
			);
			dependencies = (
			);
			name = Jacamole;
			productName = Jacamole;
			productReference = E7796EE328D92F0400D78A14 /* Jacamole.app */;
			productType = "com.apple.product-type.application";
		};
/* End PBXNativeTarget section */

/* Begin PBXProject section */
		E7796EDB28D92F0300D78A14 /* Project object */ = {
			isa = PBXProject;
			attributes = {
				BuildIndependentTargetsInParallel = 1;
				LastSwiftUpdateCheck = 1400;
				LastUpgradeCheck = 1400;
				TargetAttributes = {
					E7796EE228D92F0400D78A14 = {
						CreatedOnToolsVersion = 14.0;
					};
				};
			};
			buildConfigurationList = E7796EDE28D92F0300D78A14 /* Build configuration list for PBXProject "Jacamole" */;
			compatibilityVersion = "Xcode 13.0";
			developmentRegion = en;
			hasScannedForEncodings = 0;
			knownRegions = (
				en,
				Base,
			);
			mainGroup = E7796EDA28D92F0300D78A14;
			productRefGroup = E7796EE428D92F0400D78A14 /* Products */;
			projectDirPath = "";
			projectRoot = "";
			targets = (
				E7796EE228D92F0400D78A14 /* Jacamole */,
			);
		};
/* End PBXProject section */

/* Begin PBXResourcesBuildPhase section */
		E7796EE128D92F0400D78A14 /* Resources */ = {
			isa = PBXResourcesBuildPhase;
			buildActionMask = 2147483647;
			files = (
				77568D8828DB56FC00D0F6E5 /* Abel-Regular.ttf in Resources */,
				E7796EF328D92F0500D78A14 /* LaunchScreen.storyboard in Resources */,
				E7796EF028D92F0500D78A14 /* Assets.xcassets in Resources */,
			);
			runOnlyForDeploymentPostprocessing = 0;
		};
/* End PBXResourcesBuildPhase section */

/* Begin PBXSourcesBuildPhase section */
		E7796EDF28D92F0400D78A14 /* Sources */ = {
			isa = PBXSourcesBuildPhase;
			buildActionMask = 2147483647;
			files = (
				776A37B728E455C3005DAF1C /* AlbomAPIClient.swift in Sources */,
				776A37CA28E5E7CF005DAF1C /* SongListItemViewModel.swift in Sources */,
				77568D8228DB2A5900D0F6E5 /* AppNavigationController.swift in Sources */,
				E72C62A728E5F84A003033F4 /* SongsCollectionGenres.swift in Sources */,
				E72C62A328E5E614003033F4 /* SongsMainViewController.swift in Sources */,
				77568D7C28DB1DAE00D0F6E5 /* NetworkManager.swift in Sources */,
				776A37C528E47D95005DAF1C /* SongSearchCoordinator.swift in Sources */,
				E7796EE728D92F0400D78A14 /* AppDelegate.swift in Sources */,
				776A37CD28E60482005DAF1C /* ExtensionUIImageViewLoadView.swift in Sources */,
				77568D8028DB29A100D0F6E5 /* SongsAPIClient.swift in Sources */,
				776A37BD28E45DE3005DAF1C /* AppCoordinator.swift in Sources */,
				776A37BF28E474BB005DAF1C /* Coordinator.swift in Sources */,
				776A37B328E44513005DAF1C /* ArtistAPIClient.swift in Sources */,
				E7796EE928D92F0400D78A14 /* SceneDelegate.swift in Sources */,
				776A37BB28E45B04005DAF1C /* SongListVM.swift in Sources */,
				776A37C328E47BE7005DAF1C /* SongsMenuCoordinator.swift in Sources */,
				77568D8628DB430D00D0F6E5 /* SongListCell.swift in Sources */,
				776A37CF28E621F5005DAF1C /* SongsCollectionReusableView.swift in Sources */,
				776A37B128E44056005DAF1C /* ArtistModel.swift in Sources */,
				77568D8428DB417700D0F6E5 /* SongsListView.swift in Sources */,
				E774AE0028E765FE00E7F9C7 /* SongsCollectionVM.swift in Sources */,
				776A37B528E44763005DAF1C /* SongsModel.swift in Sources */,
				77568D8B28DB86AC00D0F6E5 /* AppTabBarController.swift in Sources */,
				776A37C728E4824A005DAF1C /* SongsListViewController.swift in Sources */,
				776A37B928E45636005DAF1C /* AlbomModel.swift in Sources */,
				776A37C128E47A59005DAF1C /* FavoriteCoordinator.swift in Sources */,
				776A37D128E62248005DAF1C /* SongCollectionViewCell.swift in Sources */,
			);
			runOnlyForDeploymentPostprocessing = 0;
		};
/* End PBXSourcesBuildPhase section */

/* Begin PBXVariantGroup section */
		E7796EF128D92F0500D78A14 /* LaunchScreen.storyboard */ = {
			isa = PBXVariantGroup;
			children = (
				E7796EF228D92F0500D78A14 /* Base */,
			);
			name = LaunchScreen.storyboard;
			sourceTree = "<group>";
		};
/* End PBXVariantGroup section */

/* Begin XCBuildConfiguration section */
		E7796EF528D92F0500D78A14 /* Debug */ = {
			isa = XCBuildConfiguration;
			buildSettings = {
				ALWAYS_SEARCH_USER_PATHS = NO;
				CLANG_ANALYZER_NONNULL = YES;
				CLANG_ANALYZER_NUMBER_OBJECT_CONVERSION = YES_AGGRESSIVE;
				CLANG_CXX_LANGUAGE_STANDARD = "gnu++20";
				CLANG_ENABLE_MODULES = YES;
				CLANG_ENABLE_OBJC_ARC = YES;
				CLANG_ENABLE_OBJC_WEAK = YES;
				CLANG_WARN_BLOCK_CAPTURE_AUTORELEASING = YES;
				CLANG_WARN_BOOL_CONVERSION = YES;
				CLANG_WARN_COMMA = YES;
				CLANG_WARN_CONSTANT_CONVERSION = YES;
				CLANG_WARN_DEPRECATED_OBJC_IMPLEMENTATIONS = YES;
				CLANG_WARN_DIRECT_OBJC_ISA_USAGE = YES_ERROR;
				CLANG_WARN_DOCUMENTATION_COMMENTS = YES;
				CLANG_WARN_EMPTY_BODY = YES;
				CLANG_WARN_ENUM_CONVERSION = YES;
				CLANG_WARN_INFINITE_RECURSION = YES;
				CLANG_WARN_INT_CONVERSION = YES;
				CLANG_WARN_NON_LITERAL_NULL_CONVERSION = YES;
				CLANG_WARN_OBJC_IMPLICIT_RETAIN_SELF = YES;
				CLANG_WARN_OBJC_LITERAL_CONVERSION = YES;
				CLANG_WARN_OBJC_ROOT_CLASS = YES_ERROR;
				CLANG_WARN_QUOTED_INCLUDE_IN_FRAMEWORK_HEADER = YES;
				CLANG_WARN_RANGE_LOOP_ANALYSIS = YES;
				CLANG_WARN_STRICT_PROTOTYPES = YES;
				CLANG_WARN_SUSPICIOUS_MOVE = YES;
				CLANG_WARN_UNGUARDED_AVAILABILITY = YES_AGGRESSIVE;
				CLANG_WARN_UNREACHABLE_CODE = YES;
				CLANG_WARN__DUPLICATE_METHOD_MATCH = YES;
				COPY_PHASE_STRIP = NO;
				DEBUG_INFORMATION_FORMAT = dwarf;
				ENABLE_STRICT_OBJC_MSGSEND = YES;
				ENABLE_TESTABILITY = YES;
				GCC_C_LANGUAGE_STANDARD = gnu11;
				GCC_DYNAMIC_NO_PIC = NO;
				GCC_NO_COMMON_BLOCKS = YES;
				GCC_OPTIMIZATION_LEVEL = 0;
				GCC_PREPROCESSOR_DEFINITIONS = (
					"DEBUG=1",
					"$(inherited)",
				);
				GCC_WARN_64_TO_32_BIT_CONVERSION = YES;
				GCC_WARN_ABOUT_RETURN_TYPE = YES_ERROR;
				GCC_WARN_UNDECLARED_SELECTOR = YES;
				GCC_WARN_UNINITIALIZED_AUTOS = YES_AGGRESSIVE;
				GCC_WARN_UNUSED_FUNCTION = YES;
				GCC_WARN_UNUSED_VARIABLE = YES;
				IPHONEOS_DEPLOYMENT_TARGET = 13.0;
				MTL_ENABLE_DEBUG_INFO = INCLUDE_SOURCE;
				MTL_FAST_MATH = YES;
				ONLY_ACTIVE_ARCH = YES;
				SDKROOT = iphoneos;
				SWIFT_ACTIVE_COMPILATION_CONDITIONS = DEBUG;
				SWIFT_OPTIMIZATION_LEVEL = "-Onone";
			};
			name = Debug;
		};
		E7796EF628D92F0500D78A14 /* Release */ = {
			isa = XCBuildConfiguration;
			buildSettings = {
				ALWAYS_SEARCH_USER_PATHS = NO;
				CLANG_ANALYZER_NONNULL = YES;
				CLANG_ANALYZER_NUMBER_OBJECT_CONVERSION = YES_AGGRESSIVE;
				CLANG_CXX_LANGUAGE_STANDARD = "gnu++20";
				CLANG_ENABLE_MODULES = YES;
				CLANG_ENABLE_OBJC_ARC = YES;
				CLANG_ENABLE_OBJC_WEAK = YES;
				CLANG_WARN_BLOCK_CAPTURE_AUTORELEASING = YES;
				CLANG_WARN_BOOL_CONVERSION = YES;
				CLANG_WARN_COMMA = YES;
				CLANG_WARN_CONSTANT_CONVERSION = YES;
				CLANG_WARN_DEPRECATED_OBJC_IMPLEMENTATIONS = YES;
				CLANG_WARN_DIRECT_OBJC_ISA_USAGE = YES_ERROR;
				CLANG_WARN_DOCUMENTATION_COMMENTS = YES;
				CLANG_WARN_EMPTY_BODY = YES;
				CLANG_WARN_ENUM_CONVERSION = YES;
				CLANG_WARN_INFINITE_RECURSION = YES;
				CLANG_WARN_INT_CONVERSION = YES;
				CLANG_WARN_NON_LITERAL_NULL_CONVERSION = YES;
				CLANG_WARN_OBJC_IMPLICIT_RETAIN_SELF = YES;
				CLANG_WARN_OBJC_LITERAL_CONVERSION = YES;
				CLANG_WARN_OBJC_ROOT_CLASS = YES_ERROR;
				CLANG_WARN_QUOTED_INCLUDE_IN_FRAMEWORK_HEADER = YES;
				CLANG_WARN_RANGE_LOOP_ANALYSIS = YES;
				CLANG_WARN_STRICT_PROTOTYPES = YES;
				CLANG_WARN_SUSPICIOUS_MOVE = YES;
				CLANG_WARN_UNGUARDED_AVAILABILITY = YES_AGGRESSIVE;
				CLANG_WARN_UNREACHABLE_CODE = YES;
				CLANG_WARN__DUPLICATE_METHOD_MATCH = YES;
				COPY_PHASE_STRIP = NO;
				DEBUG_INFORMATION_FORMAT = "dwarf-with-dsym";
				ENABLE_NS_ASSERTIONS = NO;
				ENABLE_STRICT_OBJC_MSGSEND = YES;
				GCC_C_LANGUAGE_STANDARD = gnu11;
				GCC_NO_COMMON_BLOCKS = YES;
				GCC_WARN_64_TO_32_BIT_CONVERSION = YES;
				GCC_WARN_ABOUT_RETURN_TYPE = YES_ERROR;
				GCC_WARN_UNDECLARED_SELECTOR = YES;
				GCC_WARN_UNINITIALIZED_AUTOS = YES_AGGRESSIVE;
				GCC_WARN_UNUSED_FUNCTION = YES;
				GCC_WARN_UNUSED_VARIABLE = YES;
				IPHONEOS_DEPLOYMENT_TARGET = 13.0;
				MTL_ENABLE_DEBUG_INFO = NO;
				MTL_FAST_MATH = YES;
				SDKROOT = iphoneos;
				SWIFT_COMPILATION_MODE = wholemodule;
				SWIFT_OPTIMIZATION_LEVEL = "-O";
				VALIDATE_PRODUCT = YES;
			};
			name = Release;
		};
		E7796EF828D92F0500D78A14 /* Debug */ = {
			isa = XCBuildConfiguration;
			buildSettings = {
				ASSETCATALOG_COMPILER_APPICON_NAME = AppIcon;
				ASSETCATALOG_COMPILER_GLOBAL_ACCENT_COLOR_NAME = AccentColor;
				CODE_SIGN_STYLE = Automatic;
				CURRENT_PROJECT_VERSION = 1;
				DEVELOPMENT_TEAM = X3L28X5FYM;
				GENERATE_INFOPLIST_FILE = YES;
				INFOPLIST_FILE = Jacamole/Info.plist;
				INFOPLIST_KEY_UIApplicationSupportsIndirectInputEvents = YES;
				INFOPLIST_KEY_UILaunchStoryboardName = LaunchScreen.storyboard;
				INFOPLIST_KEY_UISupportedInterfaceOrientations = UIInterfaceOrientationPortrait;
				INFOPLIST_KEY_UISupportedInterfaceOrientations_iPad = "UIInterfaceOrientationLandscapeLeft UIInterfaceOrientationLandscapeRight UIInterfaceOrientationPortrait UIInterfaceOrientationPortraitUpsideDown";
				IPHONEOS_DEPLOYMENT_TARGET = 13.0;
				LD_RUNPATH_SEARCH_PATHS = (
					"$(inherited)",
					"@executable_path/Frameworks",
				);
				MARKETING_VERSION = 1.0;
				PRODUCT_BUNDLE_IDENTIFIER = ru.hmnlsuslovaleksey.Jacamole;
				PRODUCT_NAME = "$(TARGET_NAME)";
				SUPPORTED_PLATFORMS = "iphoneos iphonesimulator";
				SUPPORTS_MACCATALYST = NO;
				SUPPORTS_MAC_DESIGNED_FOR_IPHONE_IPAD = NO;
				SWIFT_EMIT_LOC_STRINGS = YES;
				SWIFT_VERSION = 5.0;
				TARGETED_DEVICE_FAMILY = 1;
			};
			name = Debug;
		};
		E7796EF928D92F0500D78A14 /* Release */ = {
			isa = XCBuildConfiguration;
			buildSettings = {
				ASSETCATALOG_COMPILER_APPICON_NAME = AppIcon;
				ASSETCATALOG_COMPILER_GLOBAL_ACCENT_COLOR_NAME = AccentColor;
				CODE_SIGN_STYLE = Automatic;
				CURRENT_PROJECT_VERSION = 1;
				DEVELOPMENT_TEAM = X3L28X5FYM;
				GENERATE_INFOPLIST_FILE = YES;
				INFOPLIST_FILE = Jacamole/Info.plist;
				INFOPLIST_KEY_UIApplicationSupportsIndirectInputEvents = YES;
				INFOPLIST_KEY_UILaunchStoryboardName = LaunchScreen.storyboard;
				INFOPLIST_KEY_UISupportedInterfaceOrientations = UIInterfaceOrientationPortrait;
				INFOPLIST_KEY_UISupportedInterfaceOrientations_iPad = "UIInterfaceOrientationLandscapeLeft UIInterfaceOrientationLandscapeRight UIInterfaceOrientationPortrait UIInterfaceOrientationPortraitUpsideDown";
				IPHONEOS_DEPLOYMENT_TARGET = 13.0;
				LD_RUNPATH_SEARCH_PATHS = (
					"$(inherited)",
					"@executable_path/Frameworks",
				);
				MARKETING_VERSION = 1.0;
				PRODUCT_BUNDLE_IDENTIFIER = ru.jjjhsuslovaleksey.Jacamole;
				PRODUCT_NAME = "$(TARGET_NAME)";
				SUPPORTED_PLATFORMS = "iphoneos iphonesimulator";
				SUPPORTS_MACCATALYST = NO;
				SUPPORTS_MAC_DESIGNED_FOR_IPHONE_IPAD = NO;
				SWIFT_EMIT_LOC_STRINGS = YES;
				SWIFT_VERSION = 5.0;
				TARGETED_DEVICE_FAMILY = 1;
			};
			name = Release;
		};
/* End XCBuildConfiguration section */

/* Begin XCConfigurationList section */
		E7796EDE28D92F0300D78A14 /* Build configuration list for PBXProject "Jacamole" */ = {
			isa = XCConfigurationList;
			buildConfigurations = (
				E7796EF528D92F0500D78A14 /* Debug */,
				E7796EF628D92F0500D78A14 /* Release */,
			);
			defaultConfigurationIsVisible = 0;
			defaultConfigurationName = Release;
		};
		E7796EF728D92F0500D78A14 /* Build configuration list for PBXNativeTarget "Jacamole" */ = {
			isa = XCConfigurationList;
			buildConfigurations = (
				E7796EF828D92F0500D78A14 /* Debug */,
				E7796EF928D92F0500D78A14 /* Release */,
			);
			defaultConfigurationIsVisible = 0;
			defaultConfigurationName = Release;
		};
/* End XCConfigurationList section */
	};
	rootObject = E7796EDB28D92F0300D78A14 /* Project object */;
}
